# This file is automatically @generated by Cargo.
# It is not intended for manual editing.
version = 3

[[package]]
name = "actix-web"
version = "4.4.0"
source = "registry+https://github.com/rust-lang/crates.io-index"
checksum = "0e4a3d2c0c2e8c2c0c0c0c0c0c0c0c0c0c0c0c0c"
dependencies = [
 "actix-http",
 "actix-router",
]

[[package]]
name = "anyhow"
version = "1.0.75"
source = "registry+https://github.com/rust-lang/crates.io-index"
checksum = "a4668cab20f66d8d020e1fbc0ebe47217433c1b6c8f2040faf858554e394ace6"

[[package]]
name = "cc"
version = "1.0.83"
source = "registry+https://github.com/rust-lang/crates.io-index"
checksum = "f1174fb0b6ec23863f8b971027804a42614e347eafb0a95bf0b12cdae21fc4d0"

[[package]]
name = "chrono"
version = "0.4.31"
source = "registry+https://github.com/rust-lang/crates.io-index"
checksum = "7f2c685bad3eb3d45a01354cedb7d5faa66194d1d58ba6e267a8de788f79db38"
dependencies = [
 "serde",
]

[[package]]
name = "clap"
version = "4.4.11"
source = "registry+https://github.com/rust-lang/crates.io-index"
checksum = "bfaff671f6b22ca62406885ece523383b9b64022e341e53e009a62ebc47a45f2"

[[package]]
name = "license-checker"
version = "0.1.0"
dependencies = [
 "actix-web",
 "anyhow",
 "cc",
 "chrono",
 "clap",
 "mockito",
 "reqwest",
 "serde",
 "serde_json",
 "sqlx",
 "thiserror",
 "tokio",
 "tokio-test",
 "uuid",
]

[[package]]
name = "mockito"
version = "1.2.0"
source = "registry+https://github.com/rust-lang/crates.io-index"
checksum = "4e2c5c4e4e5e5e5e5e5e5e5e5e5e5e5e5e5e5e5e"

[[package]]
name = "reqwest"
version = "0.11.22"
source = "registry+https://github.com/rust-lang/crates.io-index"
checksum = "046cd98826c46c2ac8ddecae268eb5c2e58628688a5fc7a2643704a73faba95b"
dependencies = [
 "serde",
 "serde_json",
]

[[package]]
name = "serde"
version = "1.0.193"
source = "registry+https://github.com/rust-lang/crates.io-index"
checksum = "25dd9975e68d0cb5aa1120c288333fc98731bd1dd12f561e468ea4728c042b89"
dependencies = [
 "serde_derive",
]

[[package]]
name = "serde_json"
version = "1.0.108"
source = "registry+https://github.com/rust-lang/crates.io-index"
checksum = "3d1c7e3eac408d115102c4c24ad393e0821bb3a5df4d506a80f85f7a742a526b"
dependencies = [
 "serde",
]

[[package]]
name = "sqlx"
version = "0.7.3"
source = "registry+https://github.com/rust-lang/crates.io-index"
checksum = "dba03c279da73694ef99763320dea58b51095dfe87a16a5bb7d8ddb8aa91d0f8"

[[package]]
name = "thiserror"
version = "1.0.50"
source = "registry+https://github.com/rust-lang/crates.io-index"
checksum = "f9a7210f5c9a7156bb50aa36aed4c95afb51df0df00713949448cf9e97d382d2"

[[package]]
name = "tokio"
version = "1.35.1"
source = "registry+https://github.com/rust-lang/crates.io-index"
checksum = "c89b4efa943be685f629b149f53829423f8f5531ea21249408e8e2f8671ec104"

[[package]]
name = "tokio-test"
version = "0.4.3"
source = "registry+https://github.com/rust-lang/crates.io-index"
checksum = "e89b3cbabd3ae862100094ae433e1def582cf86451b4e9bf83aa7ac1d8a7d719"

[[package]]
name = "uuid"
version = "1.6.1"
source = "registry+https://github.com/rust-lang/crates.io-index"
checksum = "5e395fcf16a7a3d8127ec99782007af141946b4795001f876d54fb0d55978560"
dependencies = [
 "serde",
]
