GEM
  remote: https://rubygems.org/
  specs:
    actioncable (7.1.2)
      actionpack (= 7.1.2)
      activesupport (= 7.1.2)
      nio4r (~> 2.0)
      websocket-driver (>= 0.6.1)
    actionmailbox (7.1.2)
      actionpack (= 7.1.2)
      activejob (= 7.1.2)
      activerecord (= 7.1.2)
      activestorage (= 7.1.2)
      activesupport (= 7.1.2)
      mail (>= 2.7.1)
    actionmailer (7.1.2)
      actionpack (= 7.1.2)
      actionview (= 7.1.2)
      activejob (= 7.1.2)
      activesupport (= 7.1.2)
      mail (~> 2.5, >= 2.5.4)
      rails-dom-testing (~> 2.2)
    actionpack (7.1.2)
      actionview (= 7.1.2)
      activesupport (= 7.1.2)
      nokogiri (>= 1.8.5)
      rack (>= 2.2.4)
      rack-session (>= 1.0.1)
      rack-test (>= 0.6.3)
      rails-dom-testing (~> 2.2)
      rails-html-sanitizer (~> 1.6)
    rails (7.1.2)
      actioncable (= 7.1.2)
      actionmailbox (= 7.1.2)
      actionmailer (= 7.1.2)
      actionpack (= 7.1.2)
      actiontext (= 7.1.2)
      actionview (= 7.1.2)
      activejob (= 7.1.2)
      activemodel (= 7.1.2)
      activerecord (= 7.1.2)
      activestorage (= 7.1.2)
      activesupport (= 7.1.2)
      bundler (>= 1.15.0)
      railties (= 7.1.2)
    puma (6.4.0)
      nio4r (~> 2.0)
    pg (1.5.4)
    redis (5.0.8)
      redis-client (>= 0.17.0)
    sidekiq (7.2.0)
      connection_pool (>= 2.3.0)
      rack (>= 2.2.4)
      redis-client (>= 0.19.0)
    rspec-rails (6.1.0)
      actionpack (>= 6.1)
      activesupport (>= 6.1)
      rspec-core (~> 3.12)
      rspec-expectations (~> 3.12)
      rspec-mocks (~> 3.12)
      rspec-support (~> 3.12)

PLATFORMS
  ruby
  x86_64-darwin
  x86_64-linux

DEPENDENCIES
  rails (~> 7.1.2)
  puma (~> 6.4)
  pg (~> 1.5)
  redis (~> 5.0)
  sidekiq (~> 7.2)
  rspec-rails (~> 6.1)

RUBY VERSION
   ruby 3.2.2p53

BUNDLED WITH
   2.4.22
